
Microsoft Visual Studio Solution File, Format Version 12.00
# Visual Studio 14
VisualStudioVersion = 14.0.24720.0
MinimumVisualStudioVersion = 10.0.40219.1
Project("{FAE04EC0-301F-11D3-BF4B-00C04F79EFBC}") = "MvcSitemap2", "MvcSitemap2\MvcSitemap2.csproj", "{DD811C0D-194E-45A8-8F8E-3875B83C1CA6}"
EndProject
Global
	GlobalSection(SolutionConfigurationPlatforms) = preSolution
		Debug|Any CPU = Debug|Any CPU
		Release|Any CPU = Release|Any CPU
	EndGlobalSection
	GlobalSection(ProjectConfigurationPlatforms) = postSolution
		{DD811C0D-194E-45A8-8F8E-3875B83C1CA6}.Debug|Any CPU.ActiveCfg = Debug|Any CPU
		{DD811C0D-194E-45A8-8F8E-3875B83C1CA6}.Debug|Any CPU.Build.0 = Debug|Any CPU
		{DD811C0D-194E-45A8-8F8E-3875B83C1CA6}.Release|Any CPU.ActiveCfg = Release|Any CPU
		{DD811C0D-194E-45A8-8F8E-3875B83C1CA6}.Release|Any CPU.Build.0 = Release|Any CPU
	EndGlobalSection
	GlobalSection(SolutionProperties) = preSolution
		HideSolutionNode = FALSE
	EndGlobalSection
	GlobalSection(ExtensibilityGlobals) = postSolution
		EnterpriseLibraryConfigurationToolBinariesPath = packages\Unity.2.1.505.0\lib\NET35
	EndGlobalSection
EndGlobal
